
Microsoft Visual Studio Solution File, Format Version 12.00
# Visual Studio Version 17
VisualStudioVersion = 17.4.33213.308
MinimumVisualStudioVersion = 10.0.40219.1
Project("{8BC9CEB8-8B4A-11D0-8D11-00A0C91BC942}") = "Ejemplocoladinamica", "Ejemplocoladinamica\Ejemplocoladinamica.vcxproj", "{F998156D-A66F-495D-8EE0-05D19D6067F5}"
EndProject
Global
	GlobalSection(SolutionConfigurationPlatforms) = preSolution
		Debug|x64 = Debug|x64
		Debug|x86 = Debug|x86
		Release|x64 = Release|x64
		Release|x86 = Release|x86
	EndGlobalSection
	GlobalSection(ProjectConfigurationPlatforms) = postSolution
		{F998156D-A66F-495D-8EE0-05D19D6067F5}.Debug|x64.ActiveCfg = Debug|x64
		{F998156D-A66F-495D-8EE0-05D19D6067F5}.Debug|x64.Build.0 = Debug|x64
		{F998156D-A66F-495D-8EE0-05D19D6067F5}.Debug|x86.ActiveCfg = Debug|Win32
		{F998156D-A66F-495D-8EE0-05D19D6067F5}.Debug|x86.Build.0 = Debug|Win32
		{F998156D-A66F-495D-8EE0-05D19D6067F5}.Release|x64.ActiveCfg = Release|x64
		{F998156D-A66F-495D-8EE0-05D19D6067F5}.Release|x64.Build.0 = Release|x64
		{F998156D-A66F-495D-8EE0-05D19D6067F5}.Release|x86.ActiveCfg = Release|Win32
		{F998156D-A66F-495D-8EE0-05D19D6067F5}.Release|x86.Build.0 = Release|Win32
	EndGlobalSection
	GlobalSection(SolutionProperties) = preSolution
		HideSolutionNode = FALSE
	EndGlobalSection
	GlobalSection(ExtensibilityGlobals) = postSolution
		SolutionGuid = {80C91DEA-244C-4611-9FA4-8E72F9785A9C}
	EndGlobalSection
EndGlobal
